PODS:
  - Cartography (0.5.0)
  - Nimble (3.0.0)
  - Ono (1.2.2)
  - Quick (0.8.0)

DEPENDENCIES:
  - Cartography (~> 0.5.0)
  - Nimble (= 3.0.0)
  - Ono
  - Quick (~> 0.8.0)

SPEC CHECKSUMS:
  Cartography: 774e5cc446f5a6bca5d4345c5aa6af9a1fe74dc6
  Nimble: 4c353d43735b38b545cbb4cb91504588eb5de926
  Ono: 80b1c686777d3f6d5d5ce6fcac8a74afef4ca197
  Quick: 563d0f6ec5f72e394645adb377708639b7dd38ab

COCOAPODS: 0.39.0
